
Microsoft Visual Studio Solution File, Format Version 12.00
# Visual Studio Version 17
VisualStudioVersion = 17.0.32112.339
MinimumVisualStudioVersion = 10.0.40219.1
Project("{FAE04EC0-301F-11D3-BF4B-00C04F79EFBC}") = "SoeingfieldNuclear", "SoeingfieldNuclear\SoeingfieldNuclear.csproj", "{4CB78333-1B30-4EF3-9E0A-A062CE6B876E}"
EndProject
Global
	GlobalSection(SolutionConfigurationPlatforms) = preSolution
		Debug|Any CPU = Debug|Any CPU
		Release|Any CPU = Release|Any CPU
	EndGlobalSection
	GlobalSection(ProjectConfigurationPlatforms) = postSolution
		{4CB78333-1B30-4EF3-9E0A-A062CE6B876E}.Debug|Any CPU.ActiveCfg = Debug|Any CPU
		{4CB78333-1B30-4EF3-9E0A-A062CE6B876E}.Debug|Any CPU.Build.0 = Debug|Any CPU
		{4CB78333-1B30-4EF3-9E0A-A062CE6B876E}.Release|Any CPU.ActiveCfg = Release|Any CPU
		{4CB78333-1B30-4EF3-9E0A-A062CE6B876E}.Release|Any CPU.Build.0 = Release|Any CPU
	EndGlobalSection
	GlobalSection(SolutionProperties) = preSolution
		HideSolutionNode = FALSE
	EndGlobalSection
	GlobalSection(ExtensibilityGlobals) = postSolution
		SolutionGuid = {1C978B1B-ACCC-4702-93F7-C1EABB216F91}
	EndGlobalSection
EndGlobal
